// !$*UTF8*$!
{
	archiveVersion = 1;
	classes = {
	};
	objectVersion = 56;
	objects = {

/* Begin PBXBuildFile section */
		2A0000010000000000000001 /* InterviewCoachApp.swift in Sources */ = {isa = PBXBuildFile; fileRef = 2A0000010000000000000011 /* InterviewCoachApp.swift */; };
		2A0000010000000000000002 /* AppRootView.swift in Sources */ = {isa = PBXBuildFile; fileRef = 2A0000010000000000000012 /* AppRootView.swift */; };
		2A0000010000000000000004 /* HealthResponseDTO.swift in Sources */ = {isa = PBXBuildFile; fileRef = 2A0000010000000000000014 /* HealthResponseDTO.swift */; };
		2A0000010000000000000005 /* ErrorResponseDTO.swift in Sources */ = {isa = PBXBuildFile; fileRef = 2A0000010000000000000015 /* ErrorResponseDTO.swift */; };
		2A0000010000000000000006 /* AuthDTO.swift in Sources */ = {isa = PBXBuildFile; fileRef = 2A0000010000000000000016 /* AuthDTO.swift */; };
		2A0000010000000000000007 /* InterviewTargetDTO.swift in Sources */ = {isa = PBXBuildFile; fileRef = 2A0000010000000000000017 /* InterviewTargetDTO.swift */; };
		2A0000010000000000000008 /* CandidateProfileDTO.swift in Sources */ = {isa = PBXBuildFile; fileRef = 2A0000010000000000000018 /* CandidateProfileDTO.swift */; };
		2A0000010000000000000009 /* JobBriefDTO.swift in Sources */ = {isa = PBXBuildFile; fileRef = 2A0000010000000000000019 /* JobBriefDTO.swift */; };
		2A000001000000000000000A /* AssessmentDTO.swift in Sources */ = {isa = PBXBuildFile; fileRef = 2A000001000000000000001A /* AssessmentDTO.swift */; };
		2A000001000000000000000B /* TrainingDTO.swift in Sources */ = {isa = PBXBuildFile; fileRef = 2A000001000000000000001B /* TrainingDTO.swift */; };
		2A000001000000000000000C /* MockInterviewDTO.swift in Sources */ = {isa = PBXBuildFile; fileRef = 2A000001000000000000001C /* MockInterviewDTO.swift */; };
		2A000001000000000000000D /* ReportDTO.swift in Sources */ = {isa = PBXBuildFile; fileRef = 2A000001000000000000001D /* ReportDTO.swift */; };
		2A000001000000000000000E /* AiProviderDTO.swift in Sources */ = {isa = PBXBuildFile; fileRef = 2A000001000000000000001E /* AiProviderDTO.swift */; };
		2A00000100000000000000A1 /* KeychainHelper.swift in Sources */ = {isa = PBXBuildFile; fileRef = 2A00000100000000000000B1 /* KeychainHelper.swift */; };
		2A00000100000000000000A2 /* APIClient.swift in Sources */ = {isa = PBXBuildFile; fileRef = 2A00000100000000000000B2 /* APIClient.swift */; };
		2A00000100000000000000A3 /* AuthService.swift in Sources */ = {isa = PBXBuildFile; fileRef = 2A00000100000000000000B3 /* AuthService.swift */; };
		2A00000100000000000000A4 /* DevLoginView.swift in Sources */ = {isa = PBXBuildFile; fileRef = 2A00000100000000000000B4 /* DevLoginView.swift */; };
		2A00000100000000000000D1 /* TargetLocal.swift in Sources */ = {isa = PBXBuildFile; fileRef = 2A00000100000000000000C1 /* TargetLocal.swift */; };
		2A00000100000000000000D2 /* TargetListView.swift in Sources */ = {isa = PBXBuildFile; fileRef = 2A00000100000000000000C2 /* TargetListView.swift */; };
		2A00000100000000000000D3 /* TargetCreateView.swift in Sources */ = {isa = PBXBuildFile; fileRef = 2A00000100000000000000C3 /* TargetCreateView.swift */; };
		2A00000100000000000000D4 /* TargetDetailView.swift in Sources */ = {isa = PBXBuildFile; fileRef = 2A00000100000000000000C4 /* TargetDetailView.swift */; };
		2A00000100000000000000D5 /* TargetStatusHelper.swift in Sources */ = {isa = PBXBuildFile; fileRef = 2A00000100000000000000C5 /* TargetStatusHelper.swift */; };
		2A00000100000000000000D6 /* CandidateProfileLocal.swift in Sources */ = {isa = PBXBuildFile; fileRef = 2A00000100000000000000C6 /* CandidateProfileLocal.swift */; };
		2A00000100000000000000D7 /* ProfileInputView.swift in Sources */ = {isa = PBXBuildFile; fileRef = 2A00000100000000000000C7 /* ProfileInputView.swift */; };
		2A00000100000000000000D8 /* ProfileConfirmView.swift in Sources */ = {isa = PBXBuildFile; fileRef = 2A00000100000000000000C8 /* ProfileConfirmView.swift */; };
		2A00000100000000000000D9 /* JobBriefView.swift in Sources */ = {isa = PBXBuildFile; fileRef = 2A00000100000000000000C9 /* JobBriefView.swift */; };
		2A00000100000000000000DA /* AssessmentView.swift in Sources */ = {isa = PBXBuildFile; fileRef = 2A00000100000000000000CA /* AssessmentView.swift */; };
		2A00000100000000000000DB /* AssessmentResultView.swift in Sources */ = {isa = PBXBuildFile; fileRef = 2A00000100000000000000CB /* AssessmentResultView.swift */; };
		2A00000100000000000000EA /* TrainingPlanView.swift in Sources */ = {isa = PBXBuildFile; fileRef = 2A00000100000000000000E8 /* TrainingPlanView.swift */; };
		2A00000100000000000000EB /* TrainingTaskView.swift in Sources */ = {isa = PBXBuildFile; fileRef = 2A00000100000000000000E9 /* TrainingTaskView.swift */; };
		2A00000100000000000000F0 /* MockInterviewView.swift in Sources */ = {isa = PBXBuildFile; fileRef = 2A00000100000000000000F2 /* MockInterviewView.swift */; };
		2A00000100000000000000F1 /* MockInterviewResultView.swift in Sources */ = {isa = PBXBuildFile; fileRef = 2A00000100000000000000F3 /* MockInterviewResultView.swift */; };
		2A00000100000000000000FA /* SettingsView.swift in Sources */ = {isa = PBXBuildFile; fileRef = 2A00000100000000000000F8 /* SettingsView.swift */; };
		2A00000100000000000000FB /* AiProviderListView.swift in Sources */ = {isa = PBXBuildFile; fileRef = 2A00000100000000000000F9 /* AiProviderListView.swift */; };
		2A00000100000000000000FC /* AiProviderCreateView.swift in Sources */ = {isa = PBXBuildFile; fileRef = 2A00000100000000000000FD /* AiProviderCreateView.swift */; };
		2A0000010000000000000101 /* LoadingOverlay.swift in Sources */ = {isa = PBXBuildFile; fileRef = 2A0000010000000000000100 /* LoadingOverlay.swift */; };
		2A0000010000000000000103 /* ErrorBanner.swift in Sources */ = {isa = PBXBuildFile; fileRef = 2A0000010000000000000102 /* ErrorBanner.swift */; };
		2A0000010000000000000105 /* PrivacyPolicyView.swift in Sources */ = {isa = PBXBuildFile; fileRef = 2A0000010000000000000104 /* PrivacyPolicyView.swift */; };
		2A0000010000000000000107 /* OnboardingView.swift in Sources */ = {isa = PBXBuildFile; fileRef = 2A0000010000000000000106 /* OnboardingView.swift */; };
		2A0000010000000000000109 /* ReportListView.swift in Sources */ = {isa = PBXBuildFile; fileRef = 2A0000010000000000000108 /* ReportListView.swift */; };
		2A000001000000000000010B /* ReportDetailView.swift in Sources */ = {isa = PBXBuildFile; fileRef = 2A000001000000000000010A /* ReportDetailView.swift */; };
		2A000001000000000000010C /* DateHelper.swift in Sources */ = {isa = PBXBuildFile; fileRef = 2A000001000000000000010D /* DateHelper.swift */; };
		2A0000010000000000000110 /* LoginView.swift in Sources */ = {isa = PBXBuildFile; fileRef = 2A0000010000000000000111 /* LoginView.swift */; };
/* End PBXBuildFile section */

/* Begin PBXFileReference section */
		2A0000010000000000000010 /* InterviewCoach.app */ = {isa = PBXFileReference; explicitFileType = wrapper.application; includeInIndex = 0; path = InterviewCoach.app; sourceTree = BUILT_PRODUCTS_DIR; };
		2A0000010000000000000011 /* InterviewCoachApp.swift */ = {isa = PBXFileReference; lastKnownFileType = sourcecode.swift; path = InterviewCoachApp.swift; sourceTree = "<group>"; };
		2A0000010000000000000012 /* AppRootView.swift */ = {isa = PBXFileReference; lastKnownFileType = sourcecode.swift; path = AppRootView.swift; sourceTree = "<group>"; };
		2A0000010000000000000014 /* HealthResponseDTO.swift */ = {isa = PBXFileReference; lastKnownFileType = sourcecode.swift; path = HealthResponseDTO.swift; sourceTree = "<group>"; };
		2A0000010000000000000015 /* ErrorResponseDTO.swift */ = {isa = PBXFileReference; lastKnownFileType = sourcecode.swift; path = ErrorResponseDTO.swift; sourceTree = "<group>"; };
		2A0000010000000000000016 /* AuthDTO.swift */ = {isa = PBXFileReference; lastKnownFileType = sourcecode.swift; path = AuthDTO.swift; sourceTree = "<group>"; };
		2A0000010000000000000017 /* InterviewTargetDTO.swift */ = {isa = PBXFileReference; lastKnownFileType = sourcecode.swift; path = InterviewTargetDTO.swift; sourceTree = "<group>"; };
		2A0000010000000000000018 /* CandidateProfileDTO.swift */ = {isa = PBXFileReference; lastKnownFileType = sourcecode.swift; path = CandidateProfileDTO.swift; sourceTree = "<group>"; };
		2A0000010000000000000019 /* JobBriefDTO.swift */ = {isa = PBXFileReference; lastKnownFileType = sourcecode.swift; path = JobBriefDTO.swift; sourceTree = "<group>"; };
		2A000001000000000000001A /* AssessmentDTO.swift */ = {isa = PBXFileReference; lastKnownFileType = sourcecode.swift; path = AssessmentDTO.swift; sourceTree = "<group>"; };
		2A000001000000000000001B /* TrainingDTO.swift */ = {isa = PBXFileReference; lastKnownFileType = sourcecode.swift; path = TrainingDTO.swift; sourceTree = "<group>"; };
		2A000001000000000000001C /* MockInterviewDTO.swift */ = {isa = PBXFileReference; lastKnownFileType = sourcecode.swift; path = MockInterviewDTO.swift; sourceTree = "<group>"; };
		2A000001000000000000001D /* ReportDTO.swift */ = {isa = PBXFileReference; lastKnownFileType = sourcecode.swift; path = ReportDTO.swift; sourceTree = "<group>"; };
		2A000001000000000000001E /* AiProviderDTO.swift */ = {isa = PBXFileReference; lastKnownFileType = sourcecode.swift; path = AiProviderDTO.swift; sourceTree = "<group>"; };
		2A000001000000000000001F /* Info.plist */ = {isa = PBXFileReference; lastKnownFileType = text.plist.xml; path = Info.plist; sourceTree = "<group>"; };
		2A00000100000000000000B1 /* KeychainHelper.swift */ = {isa = PBXFileReference; lastKnownFileType = sourcecode.swift; path = KeychainHelper.swift; sourceTree = "<group>"; };
		2A00000100000000000000B2 /* APIClient.swift */ = {isa = PBXFileReference; lastKnownFileType = sourcecode.swift; path = APIClient.swift; sourceTree = "<group>"; };
		2A00000100000000000000B3 /* AuthService.swift */ = {isa = PBXFileReference; lastKnownFileType = sourcecode.swift; path = AuthService.swift; sourceTree = "<group>"; };
		2A00000100000000000000B4 /* DevLoginView.swift */ = {isa = PBXFileReference; lastKnownFileType = sourcecode.swift; path = DevLoginView.swift; sourceTree = "<group>"; };
		2A00000100000000000000C1 /* TargetLocal.swift */ = {isa = PBXFileReference; lastKnownFileType = sourcecode.swift; path = TargetLocal.swift; sourceTree = "<group>"; };
		2A00000100000000000000C2 /* TargetListView.swift */ = {isa = PBXFileReference; lastKnownFileType = sourcecode.swift; path = TargetListView.swift; sourceTree = "<group>"; };
		2A00000100000000000000C3 /* TargetCreateView.swift */ = {isa = PBXFileReference; lastKnownFileType = sourcecode.swift; path = TargetCreateView.swift; sourceTree = "<group>"; };
		2A00000100000000000000C4 /* TargetDetailView.swift */ = {isa = PBXFileReference; lastKnownFileType = sourcecode.swift; path = TargetDetailView.swift; sourceTree = "<group>"; };
		2A00000100000000000000C5 /* TargetStatusHelper.swift */ = {isa = PBXFileReference; lastKnownFileType = sourcecode.swift; path = TargetStatusHelper.swift; sourceTree = "<group>"; };
		2A00000100000000000000C6 /* CandidateProfileLocal.swift */ = {isa = PBXFileReference; lastKnownFileType = sourcecode.swift; path = CandidateProfileLocal.swift; sourceTree = "<group>"; };
		2A00000100000000000000C7 /* ProfileInputView.swift */ = {isa = PBXFileReference; lastKnownFileType = sourcecode.swift; path = ProfileInputView.swift; sourceTree = "<group>"; };
		2A00000100000000000000C8 /* ProfileConfirmView.swift */ = {isa = PBXFileReference; lastKnownFileType = sourcecode.swift; path = ProfileConfirmView.swift; sourceTree = "<group>"; };
		2A00000100000000000000C9 /* JobBriefView.swift */ = {isa = PBXFileReference; lastKnownFileType = sourcecode.swift; path = JobBriefView.swift; sourceTree = "<group>"; };
		2A00000100000000000000CA /* AssessmentView.swift */ = {isa = PBXFileReference; lastKnownFileType = sourcecode.swift; path = AssessmentView.swift; sourceTree = "<group>"; };
		2A00000100000000000000CB /* AssessmentResultView.swift */ = {isa = PBXFileReference; lastKnownFileType = sourcecode.swift; path = AssessmentResultView.swift; sourceTree = "<group>"; };
		2A00000100000000000000E8 /* TrainingPlanView.swift */ = {isa = PBXFileReference; lastKnownFileType = sourcecode.swift; path = TrainingPlanView.swift; sourceTree = "<group>"; };
		2A00000100000000000000E9 /* TrainingTaskView.swift */ = {isa = PBXFileReference; lastKnownFileType = sourcecode.swift; path = TrainingTaskView.swift; sourceTree = "<group>"; };
		2A00000100000000000000F2 /* MockInterviewView.swift */ = {isa = PBXFileReference; lastKnownFileType = sourcecode.swift; path = MockInterviewView.swift; sourceTree = "<group>"; };
		2A00000100000000000000F3 /* MockInterviewResultView.swift */ = {isa = PBXFileReference; lastKnownFileType = sourcecode.swift; path = MockInterviewResultView.swift; sourceTree = "<group>"; };
		2A00000100000000000000F8 /* SettingsView.swift */ = {isa = PBXFileReference; lastKnownFileType = sourcecode.swift; path = SettingsView.swift; sourceTree = "<group>"; };
		2A00000100000000000000F9 /* AiProviderListView.swift */ = {isa = PBXFileReference; lastKnownFileType = sourcecode.swift; path = AiProviderListView.swift; sourceTree = "<group>"; };
		2A00000100000000000000FD /* AiProviderCreateView.swift */ = {isa = PBXFileReference; lastKnownFileType = sourcecode.swift; path = AiProviderCreateView.swift; sourceTree = "<group>"; };
		2A0000010000000000000100 /* LoadingOverlay.swift */ = {isa = PBXFileReference; lastKnownFileType = sourcecode.swift; path = LoadingOverlay.swift; sourceTree = "<group>"; };
		2A0000010000000000000102 /* ErrorBanner.swift */ = {isa = PBXFileReference; lastKnownFileType = sourcecode.swift; path = ErrorBanner.swift; sourceTree = "<group>"; };
		2A0000010000000000000104 /* PrivacyPolicyView.swift */ = {isa = PBXFileReference; lastKnownFileType = sourcecode.swift; path = PrivacyPolicyView.swift; sourceTree = "<group>"; };
		2A0000010000000000000106 /* OnboardingView.swift */ = {isa = PBXFileReference; lastKnownFileType = sourcecode.swift; path = OnboardingView.swift; sourceTree = "<group>"; };
		2A0000010000000000000108 /* ReportListView.swift */ = {isa = PBXFileReference; lastKnownFileType = sourcecode.swift; path = ReportListView.swift; sourceTree = "<group>"; };
		2A000001000000000000010A /* ReportDetailView.swift */ = {isa = PBXFileReference; lastKnownFileType = sourcecode.swift; path = ReportDetailView.swift; sourceTree = "<group>"; };
		2A000001000000000000010D /* DateHelper.swift */ = {isa = PBXFileReference; lastKnownFileType = sourcecode.swift; path = DateHelper.swift; sourceTree = "<group>"; };
		2A0000010000000000000111 /* LoginView.swift */ = {isa = PBXFileReference; lastKnownFileType = sourcecode.swift; path = LoginView.swift; sourceTree = "<group>"; };
		2A0000010000000000000112 /* InterviewCoach.entitlements */ = {isa = PBXFileReference; lastKnownFileType = text.plist.entitlements; path = InterviewCoach.entitlements; sourceTree = "<group>"; };
		2A0000010000000000000115 /* InterviewCoachRelease.entitlements */ = {isa = PBXFileReference; lastKnownFileType = text.plist.entitlements; path = InterviewCoachRelease.entitlements; sourceTree = "<group>"; };
/* End PBXFileReference section */

/* Begin PBXFrameworksBuildPhase section */
		2A0000010000000000000020 /* Frameworks */ = {
			isa = PBXFrameworksBuildPhase;
			buildActionMask = 2147483647;
			files = (
			);
			runOnlyForDeploymentPostprocessing = 0;
		};
/* End PBXFrameworksBuildPhase section */

/* Begin PBXGroup section */
		2A0000010000000000000030 = {
			isa = PBXGroup;
			children = (
				2A0000010000000000000031 /* InterviewCoach */,
				2A0000010000000000000112 /* InterviewCoach.entitlements */,
				2A0000010000000000000115 /* InterviewCoachRelease.entitlements */,
				2A0000010000000000000032 /* Products */,
			);
			sourceTree = "<group>";
		};
		2A0000010000000000000031 /* InterviewCoach */ = {
			isa = PBXGroup;
			children = (
				2A0000010000000000000033 /* App */,
				2A0000010000000000000034 /* Core */,
				2A0000010000000000000038 /* Features */,
				2A0000010000000000000035 /* Resources */,
			);
			path = InterviewCoach;
			sourceTree = "<group>";
		};
		2A0000010000000000000032 /* Products */ = {
			isa = PBXGroup;
			children = (
				2A0000010000000000000010 /* InterviewCoach.app */,
			);
			name = Products;
			sourceTree = "<group>";
		};
		2A0000010000000000000033 /* App */ = {
			isa = PBXGroup;
			children = (
				2A0000010000000000000011 /* InterviewCoachApp.swift */,
				2A0000010000000000000012 /* AppRootView.swift */,
			);
			path = App;
			sourceTree = "<group>";
		};
		2A0000010000000000000034 /* Core */ = {
			isa = PBXGroup;
			children = (
				2A0000010000000000000036 /* API */,
				2A00000100000000000000E1 /* Storage */,
				2A00000100000000000000E4 /* UI */,
				2A0000010000000000000039 /* Security */,
				2A000001000000000000003A /* Auth */,
			);
			path = Core;
			sourceTree = "<group>";
		};
		2A0000010000000000000035 /* Resources */ = {
			isa = PBXGroup;
			children = (
				2A000001000000000000001F /* Info.plist */,
			);
			path = Resources;
			sourceTree = "<group>";
		};
		2A0000010000000000000036 /* API */ = {
			isa = PBXGroup;
			children = (
				2A0000010000000000000037 /* DTO */,
				2A00000100000000000000B2 /* APIClient.swift */,
			);
			path = API;
			sourceTree = "<group>";
		};
		2A0000010000000000000037 /* DTO */ = {
			isa = PBXGroup;
			children = (
				2A0000010000000000000014 /* HealthResponseDTO.swift */,
				2A0000010000000000000015 /* ErrorResponseDTO.swift */,
				2A0000010000000000000016 /* AuthDTO.swift */,
				2A0000010000000000000017 /* InterviewTargetDTO.swift */,
				2A0000010000000000000018 /* CandidateProfileDTO.swift */,
				2A0000010000000000000019 /* JobBriefDTO.swift */,
				2A000001000000000000001A /* AssessmentDTO.swift */,
				2A000001000000000000001B /* TrainingDTO.swift */,
				2A000001000000000000001C /* MockInterviewDTO.swift */,
				2A000001000000000000001D /* ReportDTO.swift */,
				2A000001000000000000001E /* AiProviderDTO.swift */,
			);
			path = DTO;
			sourceTree = "<group>";
		};
		2A0000010000000000000038 /* Features */ = {
			isa = PBXGroup;
			children = (
				2A000001000000000000003B /* Auth */,
				2A00000100000000000000E3 /* Targets */,
				2A00000100000000000000E5 /* Profiles */,
				2A00000100000000000000E6 /* JobBrief */,
				2A00000100000000000000E7 /* Assessment */,
				2A00000100000000000000EC /* Training */,
				2A00000100000000000000F4 /* MockInterview */,
				2A00000100000000000000FE /* Settings */,
				2A0000010000000000000113 /* Onboarding */,
				2A0000010000000000000114 /* Reports */,
			);
			path = Features;
			sourceTree = "<group>";
		};
		2A0000010000000000000039 /* Security */ = {
			isa = PBXGroup;
			children = (
				2A00000100000000000000B1 /* KeychainHelper.swift */,
			);
			path = Security;
			sourceTree = "<group>";
		};
		2A000001000000000000003A /* Auth */ = {
			isa = PBXGroup;
			children = (
				2A00000100000000000000B3 /* AuthService.swift */,
			);
			path = Auth;
			sourceTree = "<group>";
		};
		2A000001000000000000003B /* Auth */ = {
			isa = PBXGroup;
			children = (
				2A0000010000000000000111 /* LoginView.swift */,
				2A00000100000000000000B4 /* DevLoginView.swift */,
			);
			path = Auth;
			sourceTree = "<group>";
		};
		2A00000100000000000000E1 /* Storage */ = {
			isa = PBXGroup;
			children = (
				2A00000100000000000000E2 /* LocalModels */,
			);
			path = Storage;
			sourceTree = "<group>";
		};
		2A00000100000000000000E2 /* LocalModels */ = {
			isa = PBXGroup;
			children = (
				2A00000100000000000000C1 /* TargetLocal.swift */,
				2A00000100000000000000C6 /* CandidateProfileLocal.swift */,
			);
			path = LocalModels;
			sourceTree = "<group>";
		};
		2A00000100000000000000E3 /* Targets */ = {
			isa = PBXGroup;
			children = (
				2A00000100000000000000C2 /* TargetListView.swift */,
				2A00000100000000000000C3 /* TargetCreateView.swift */,
				2A00000100000000000000C4 /* TargetDetailView.swift */,
			);
			path = Targets;
			sourceTree = "<group>";
		};
		2A00000100000000000000E4 /* UI */ = {
			isa = PBXGroup;
			children = (
				2A00000100000000000000C5 /* TargetStatusHelper.swift */,
				2A0000010000000000000100 /* LoadingOverlay.swift */,
				2A0000010000000000000102 /* ErrorBanner.swift */,
				2A000001000000000000010D /* DateHelper.swift */,
			);
			path = UI;
			sourceTree = "<group>";
		};
		2A00000100000000000000E5 /* Profiles */ = {
			isa = PBXGroup;
			children = (
				2A00000100000000000000C7 /* ProfileInputView.swift */,
				2A00000100000000000000C8 /* ProfileConfirmView.swift */,
			);
			path = Profiles;
			sourceTree = "<group>";
		};
		2A00000100000000000000E6 /* JobBrief */ = {
			isa = PBXGroup;
			children = (
				2A00000100000000000000C9 /* JobBriefView.swift */,
			);
			path = JobBrief;
			sourceTree = "<group>";
		};
		2A00000100000000000000E7 /* Assessment */ = {
			isa = PBXGroup;
			children = (
				2A00000100000000000000CA /* AssessmentView.swift */,
				2A00000100000000000000CB /* AssessmentResultView.swift */,
			);
			path = Assessment;
			sourceTree = "<group>";
		};
		2A00000100000000000000EC /* Training */ = {
			isa = PBXGroup;
			children = (
				2A00000100000000000000E8 /* TrainingPlanView.swift */,
				2A00000100000000000000E9 /* TrainingTaskView.swift */,
			);
			path = Training;
			sourceTree = "<group>";
		};
		2A00000100000000000000F4 /* MockInterview */ = {
			isa = PBXGroup;
			children = (
				2A00000100000000000000F2 /* MockInterviewView.swift */,
				2A00000100000000000000F3 /* MockInterviewResultView.swift */,
			);
			path = MockInterview;
			sourceTree = "<group>";
		};
		2A00000100000000000000FE /* Settings */ = {
			isa = PBXGroup;
			children = (
				2A00000100000000000000F8 /* SettingsView.swift */,
				2A00000100000000000000F9 /* AiProviderListView.swift */,
				2A00000100000000000000FD /* AiProviderCreateView.swift */,
				2A0000010000000000000104 /* PrivacyPolicyView.swift */,
			);
			path = Settings;
			sourceTree = "<group>";
		};
		2A0000010000000000000113 /* Onboarding */ = {
			isa = PBXGroup;
			children = (
				2A0000010000000000000106 /* OnboardingView.swift */,
			);
			path = Onboarding;
			sourceTree = "<group>";
		};
		2A0000010000000000000114 /* Reports */ = {
			isa = PBXGroup;
			children = (
				2A0000010000000000000108 /* ReportListView.swift */,
				2A000001000000000000010A /* ReportDetailView.swift */,
			);
			path = Reports;
			sourceTree = "<group>";
		};
/* End PBXGroup section */

/* Begin PBXNativeTarget section */
		2A0000010000000000000040 /* InterviewCoach */ = {
			isa = PBXNativeTarget;
			buildConfigurationList = 2A0000010000000000000041 /* Build configuration list for PBXNativeTarget "InterviewCoach" */;
			buildPhases = (
				2A0000010000000000000042 /* Sources */,
				2A0000010000000000000020 /* Frameworks */,
				2A0000010000000000000043 /* Resources */,
			);
			buildRules = (
			);
			dependencies = (
			);
			name = InterviewCoach;
			productName = InterviewCoach;
			productReference = 2A0000010000000000000010 /* InterviewCoach.app */;
			productType = "com.apple.product-type.application";
		};
/* End PBXNativeTarget section */

/* Begin PBXProject section */
		2A0000010000000000000050 /* Project object */ = {
			isa = PBXProject;
			attributes = {
				BuildIndependentTargetsInParallel = 1;
				LastSwiftUpdateCheck = 2630;
				LastUpgradeCheck = 2630;
				TargetAttributes = {
					2A0000010000000000000040 = {
						CreatedOnToolsVersion = 26.3;
					};
				};
			};
			buildConfigurationList = 2A0000010000000000000051 /* Build configuration list for PBXProject "InterviewCoach" */;
			compatibilityVersion = "Xcode 14.0";
			developmentRegion = en;
			hasScannedForEncodings = 0;
			knownRegions = (
				en,
				Base,
			);
			mainGroup = 2A0000010000000000000030;
			productRefGroup = 2A0000010000000000000032 /* Products */;
			projectDirPath = "";
			projectRoot = "";
			targets = (
				2A0000010000000000000040 /* InterviewCoach */,
			);
		};
/* End PBXProject section */

/* Begin PBXResourcesBuildPhase section */
		2A0000010000000000000043 /* Resources */ = {
			isa = PBXResourcesBuildPhase;
			buildActionMask = 2147483647;
			files = (
			);
			runOnlyForDeploymentPostprocessing = 0;
		};
/* End PBXResourcesBuildPhase section */

/* Begin PBXSourcesBuildPhase section */
		2A0000010000000000000042 /* Sources */ = {
			isa = PBXSourcesBuildPhase;
			buildActionMask = 2147483647;
			files = (
				2A0000010000000000000001 /* InterviewCoachApp.swift in Sources */,
				2A0000010000000000000002 /* AppRootView.swift in Sources */,
				2A0000010000000000000004 /* HealthResponseDTO.swift in Sources */,
				2A0000010000000000000005 /* ErrorResponseDTO.swift in Sources */,
				2A0000010000000000000006 /* AuthDTO.swift in Sources */,
				2A0000010000000000000007 /* InterviewTargetDTO.swift in Sources */,
				2A0000010000000000000008 /* CandidateProfileDTO.swift in Sources */,
				2A0000010000000000000009 /* JobBriefDTO.swift in Sources */,
				2A000001000000000000000A /* AssessmentDTO.swift in Sources */,
				2A000001000000000000000B /* TrainingDTO.swift in Sources */,
				2A000001000000000000000C /* MockInterviewDTO.swift in Sources */,
				2A000001000000000000000D /* ReportDTO.swift in Sources */,
				2A000001000000000000000E /* AiProviderDTO.swift in Sources */,
				2A00000100000000000000A1 /* KeychainHelper.swift in Sources */,
				2A00000100000000000000A2 /* APIClient.swift in Sources */,
				2A00000100000000000000A3 /* AuthService.swift in Sources */,
				2A00000100000000000000A4 /* DevLoginView.swift in Sources */,
				2A00000100000000000000D1 /* TargetLocal.swift in Sources */,
				2A00000100000000000000D2 /* TargetListView.swift in Sources */,
				2A00000100000000000000D3 /* TargetCreateView.swift in Sources */,
				2A00000100000000000000D4 /* TargetDetailView.swift in Sources */,
				2A00000100000000000000D5 /* TargetStatusHelper.swift in Sources */,
				2A00000100000000000000D6 /* CandidateProfileLocal.swift in Sources */,
				2A00000100000000000000D7 /* ProfileInputView.swift in Sources */,
				2A00000100000000000000D8 /* ProfileConfirmView.swift in Sources */,
				2A00000100000000000000D9 /* JobBriefView.swift in Sources */,
				2A00000100000000000000DA /* AssessmentView.swift in Sources */,
				2A00000100000000000000DB /* AssessmentResultView.swift in Sources */,
				2A00000100000000000000EA /* TrainingPlanView.swift in Sources */,
				2A00000100000000000000EB /* TrainingTaskView.swift in Sources */,
				2A00000100000000000000F0 /* MockInterviewView.swift in Sources */,
				2A00000100000000000000F1 /* MockInterviewResultView.swift in Sources */,
				2A00000100000000000000FA /* SettingsView.swift in Sources */,
				2A00000100000000000000FB /* AiProviderListView.swift in Sources */,
				2A00000100000000000000FC /* AiProviderCreateView.swift in Sources */,
				2A0000010000000000000101 /* LoadingOverlay.swift in Sources */,
				2A0000010000000000000103 /* ErrorBanner.swift in Sources */,
				2A0000010000000000000105 /* PrivacyPolicyView.swift in Sources */,
				2A0000010000000000000107 /* OnboardingView.swift in Sources */,
				2A0000010000000000000109 /* ReportListView.swift in Sources */,
				2A000001000000000000010B /* ReportDetailView.swift in Sources */,
				2A000001000000000000010C /* DateHelper.swift in Sources */,
				2A0000010000000000000110 /* LoginView.swift in Sources */,
			);
			runOnlyForDeploymentPostprocessing = 0;
		};
/* End PBXSourcesBuildPhase section */

/* Begin XCBuildConfiguration section */
		2A0000010000000000000060 /* Debug */ = {
			isa = XCBuildConfiguration;
			buildSettings = {
				ALWAYS_SEARCH_USER_PATHS = NO;
				CLANG_ANALYZER_NONNULL = YES;
				CLANG_ANALYZER_NUMBER_OBJECT_CONVERSION = YES_AGGRESSIVE;
				CLANG_CXX_LANGUAGE_STANDARD = "gnu++20";
				CLANG_ENABLE_MODULES = YES;
				CLANG_ENABLE_OBJC_ARC = YES;
				CLANG_ENABLE_OBJC_WEAK = YES;
				CLANG_WARN_BLOCK_CAPTURE_AUTORELEASING = YES;
				CLANG_WARN_BOOL_CONVERSION = YES;
				CLANG_WARN_COMMA = YES;
				CLANG_WARN_CONSTANT_CONVERSION = YES;
				CLANG_WARN_DEPRECATED_OBJC_IMPLEMENTATIONS = YES;
				CLANG_WARN_DIRECT_OBJC_ISA_USAGE = YES_ERROR;
				CLANG_WARN_DOCUMENTATION_COMMENTS = YES;
				CLANG_WARN_EMPTY_BODY = YES;
				CLANG_WARN_ENUM_CONVERSION = YES;
				CLANG_WARN_INFINITE_RECURSION = YES;
				CLANG_WARN_INT_CONVERSION = YES;
				CLANG_WARN_NON_LITERAL_NULL_CONVERSION = YES;
				CLANG_WARN_OBJC_IMPLICIT_RETAIN_SELF = YES;
				CLANG_WARN_OBJC_LITERAL_CONVERSION = YES;
				CLANG_WARN_OBJC_ROOT_CLASS = YES_ERROR;
				CLANG_WARN_QUOTED_INCLUDE_IN_FRAMEWORK_HEADER = YES;
				CLANG_WARN_RANGE_LOOP_ANALYSIS = YES;
				CLANG_WARN_STRICT_PROTOTYPES = YES;
				CLANG_WARN_SUSPICIOUS_MOVE = YES;
				CLANG_WARN_UNGUARDED_AVAILABILITY = YES_AGGRESSIVE;
				CLANG_WARN_UNREACHABLE_CODE = YES;
				CLANG_WARN__DUPLICATE_METHOD_MATCH = YES;
				COPY_PHASE_STRIP = NO;
				DEBUG_INFORMATION_FORMAT = dwarf;
				ENABLE_STRICT_OBJC_MSGSEND = YES;
				ENABLE_TESTABILITY = YES;
				ENABLE_USER_SCRIPT_SANDBOXING = YES;
				GCC_C_LANGUAGE_STANDARD = gnu17;
				GCC_DYNAMIC_NO_PIC = NO;
				GCC_NO_COMMON_BLOCKS = YES;
				GCC_OPTIMIZATION_LEVEL = 0;
				GCC_PREPROCESSOR_DEFINITIONS = (
					"DEBUG=1",
					"$(inherited)",
				);
				GCC_WARN_64_TO_32_BIT_CONVERSION = YES;
				GCC_WARN_ABOUT_RETURN_TYPE = YES_ERROR;
				GCC_WARN_UNDECLARED_SELECTOR = YES;
				GCC_WARN_UNINITIALIZED_AUTOS = YES_AGGRESSIVE;
				GCC_WARN_UNUSED_FUNCTION = YES;
				GCC_WARN_UNUSED_VARIABLE = YES;
				IPHONEOS_DEPLOYMENT_TARGET = 17.0;
				MTL_ENABLE_DEBUG_INFO = INCLUDE_SOURCE;
				MTL_FAST_MATH = YES;
				ONLY_ACTIVE_ARCH = YES;
				SDKROOT = iphoneos;
				SWIFT_ACTIVE_COMPILATION_CONDITIONS = DEBUG;
				SWIFT_OPTIMIZATION_LEVEL = "-Onone";
			};
			name = Debug;
		};
		2A0000010000000000000061 /* Release */ = {
			isa = XCBuildConfiguration;
			buildSettings = {
				ALWAYS_SEARCH_USER_PATHS = NO;
				CLANG_ANALYZER_NONNULL = YES;
				CLANG_ANALYZER_NUMBER_OBJECT_CONVERSION = YES_AGGRESSIVE;
				CLANG_CXX_LANGUAGE_STANDARD = "gnu++20";
				CLANG_ENABLE_MODULES = YES;
				CLANG_ENABLE_OBJC_ARC = YES;
				CLANG_ENABLE_OBJC_WEAK = YES;
				CLANG_WARN_BLOCK_CAPTURE_AUTORELEASING = YES;
				CLANG_WARN_BOOL_CONVERSION = YES;
				CLANG_WARN_COMMA = YES;
				CLANG_WARN_CONSTANT_CONVERSION = YES;
				CLANG_WARN_DEPRECATED_OBJC_IMPLEMENTATIONS = YES;
				CLANG_WARN_DIRECT_OBJC_ISA_USAGE = YES_ERROR;
				CLANG_WARN_DOCUMENTATION_COMMENTS = YES;
				CLANG_WARN_EMPTY_BODY = YES;
				CLANG_WARN_ENUM_CONVERSION = YES;
				CLANG_WARN_INFINITE_RECURSION = YES;
				CLANG_WARN_INT_CONVERSION = YES;
				CLANG_WARN_NON_LITERAL_NULL_CONVERSION = YES;
				CLANG_WARN_OBJC_IMPLICIT_RETAIN_SELF = YES;
				CLANG_WARN_OBJC_LITERAL_CONVERSION = YES;
				CLANG_WARN_OBJC_ROOT_CLASS = YES_ERROR;
				CLANG_WARN_QUOTED_INCLUDE_IN_FRAMEWORK_HEADER = YES;
				CLANG_WARN_RANGE_LOOP_ANALYSIS = YES;
				CLANG_WARN_STRICT_PROTOTYPES = YES;
				CLANG_WARN_SUSPICIOUS_MOVE = YES;
				CLANG_WARN_UNGUARDED_AVAILABILITY = YES_AGGRESSIVE;
				CLANG_WARN_UNREACHABLE_CODE = YES;
				CLANG_WARN__DUPLICATE_METHOD_MATCH = YES;
				COPY_PHASE_STRIP = NO;
				DEBUG_INFORMATION_FORMAT = "dwarf-with-dsym";
				ENABLE_NS_ASSERTIONS = NO;
				ENABLE_STRICT_OBJC_MSGSEND = YES;
				ENABLE_USER_SCRIPT_SANDBOXING = YES;
				GCC_C_LANGUAGE_STANDARD = gnu17;
				GCC_NO_COMMON_BLOCKS = YES;
				GCC_WARN_64_TO_32_BIT_CONVERSION = YES;
				GCC_WARN_ABOUT_RETURN_TYPE = YES_ERROR;
				GCC_WARN_UNDECLARED_SELECTOR = YES;
				GCC_WARN_UNINITIALIZED_AUTOS = YES_AGGRESSIVE;
				GCC_WARN_UNUSED_FUNCTION = YES;
				GCC_WARN_UNUSED_VARIABLE = YES;
				IPHONEOS_DEPLOYMENT_TARGET = 17.0;
				MTL_ENABLE_DEBUG_INFO = NO;
				MTL_FAST_MATH = YES;
				SDKROOT = iphoneos;
				SWIFT_COMPILATION_MODE = wholemodule;
				VALIDATE_PRODUCT = YES;
			};
			name = Release;
		};
		2A0000010000000000000062 /* Debug */ = {
			isa = XCBuildConfiguration;
			buildSettings = {
				ASSETCATALOG_COMPILER_GLOBAL_ACCENT_COLOR_NAME = AccentColor;
				CODE_SIGN_ENTITLEMENTS = InterviewCoach.entitlements;
				CODE_SIGN_IDENTITY = "Apple Development";
				CODE_SIGN_STYLE = Automatic;
				CURRENT_PROJECT_VERSION = 1;
				DEVELOPMENT_ASSET_PATHS = "";
				DEVELOPMENT_TEAM = 2882268H2Z;
				GENERATE_INFOPLIST_FILE = NO;
				IC_API_BASE_URL = "http://127.0.0.1:18080";
				INFOPLIST_FILE = InterviewCoach/Resources/Info.plist;
				IPHONEOS_DEPLOYMENT_TARGET = 17.0;
				LD_RUNPATH_SEARCH_PATHS = (
					"$(inherited)",
					"@executable_path/Frameworks",
				);
				MARKETING_VERSION = 1.0;
				PRODUCT_BUNDLE_IDENTIFIER = com.lixd.interviewcoach.debug;
				PRODUCT_NAME = "$(TARGET_NAME)";
				PROVISIONING_PROFILE_SPECIFIER = "";
				SUPPORTED_PLATFORMS = "iphoneos iphonesimulator";
				SWIFT_EMIT_LOC_STRINGS = YES;
				SWIFT_VERSION = 5.0;
				TARGETED_DEVICE_FAMILY = "1,2";
			};
			name = Debug;
		};
		2A0000010000000000000063 /* Release */ = {
			isa = XCBuildConfiguration;
			buildSettings = {
				ASSETCATALOG_COMPILER_GLOBAL_ACCENT_COLOR_NAME = AccentColor;
				CODE_SIGN_ENTITLEMENTS = InterviewCoachRelease.entitlements;
				CODE_SIGN_STYLE = Automatic;
				CURRENT_PROJECT_VERSION = 1;
				DEVELOPMENT_ASSET_PATHS = "";
				DEVELOPMENT_TEAM = 2882268H2Z;
				GENERATE_INFOPLIST_FILE = NO;
				IC_API_BASE_URL = "http://127.0.0.1:18080";
				INFOPLIST_FILE = InterviewCoach/Resources/Info.plist;
				IPHONEOS_DEPLOYMENT_TARGET = 17.0;
				LD_RUNPATH_SEARCH_PATHS = (
					"$(inherited)",
					"@executable_path/Frameworks",
				);
				MARKETING_VERSION = 1.0;
				PRODUCT_BUNDLE_IDENTIFIER = com.interviewcoach.app;
				PRODUCT_NAME = "$(TARGET_NAME)";
				SUPPORTED_PLATFORMS = "iphoneos iphonesimulator";
				SWIFT_EMIT_LOC_STRINGS = YES;
				SWIFT_VERSION = 5.0;
				TARGETED_DEVICE_FAMILY = "1,2";
			};
			name = Release;
		};
/* End XCBuildConfiguration section */

/* Begin XCConfigurationList section */
		2A0000010000000000000041 /* Build configuration list for PBXNativeTarget "InterviewCoach" */ = {
			isa = XCConfigurationList;
			buildConfigurations = (
				2A0000010000000000000062 /* Debug */,
				2A0000010000000000000063 /* Release */,
			);
			defaultConfigurationIsVisible = 0;
			defaultConfigurationName = Release;
		};
		2A0000010000000000000051 /* Build configuration list for PBXProject "InterviewCoach" */ = {
			isa = XCConfigurationList;
			buildConfigurations = (
				2A0000010000000000000060 /* Debug */,
				2A0000010000000000000061 /* Release */,
			);
			defaultConfigurationIsVisible = 0;
			defaultConfigurationName = Release;
		};
/* End XCConfigurationList section */
	};
	rootObject = 2A0000010000000000000050 /* Project object */;
}
